<?xml version="1.0" encoding="utf-8"?>
<Project ToolsVersion="16.0" xmlns="http://schemas.microsoft.com/developer/msbuild/2003">
  <ItemGroup>
    <CustomBuild Include="C:\Users\user\My Documents\GitHub\CS372Dube\apps\assignment04_2\windows\CMakeFiles\dc43bec2a716993e314e195658c0b337\generate.stamp.rule">
      <Filter>CMake Rules</Filter>
    </CustomBuild>
  </ItemGroup>
  <ItemGroup>
    <Filter Include="CMake Rules">
      <UniqueIdentifier>{72867DCD-15B0-3A88-B695-2EC255B7BDDA}</UniqueIdentifier>
    </Filter>
  </ItemGroup>
</Project>
