<?xml version="1.0" encoding="utf-8"?>
<Project ToolsVersion="16.0" xmlns="http://schemas.microsoft.com/developer/msbuild/2003">
  <ItemGroup>
    <ClCompile Include="C:\Users\user\My Documents\GitHub\CS372Dube\apps\assignment04\assignment04.cpp">
      <Filter>Source Files</Filter>
    </ClCompile>
  </ItemGroup>
  <ItemGroup>
    <CustomBuild Include="C:\Users\user\My Documents\GitHub\CS372Dube\apps\assignment04\CMakeLists.txt" />
  </ItemGroup>
  <ItemGroup>
    <Filter Include="Source Files">
      <UniqueIdentifier>{373F8E7A-A9EE-3571-9DC3-FF8686245910}</UniqueIdentifier>
    </Filter>
  </ItemGroup>
</Project>
